
Microsoft Visual Studio Solution File, Format Version 12.00
# Visual Studio Version 16
VisualStudioVersion = 16.0.29503.13
MinimumVisualStudioVersion = 10.0.40219.1
Project("{FAE04EC0-301F-11D3-BF4B-00C04F79EFBC}") = "WDIProjectFinal", "WDIProjectFinal.csproj", "{7A6F392A-BD3B-446B-8D7D-1C4A7C69DCE7}"
EndProject
Global
	GlobalSection(SolutionConfigurationPlatforms) = preSolution
		Debug|Any CPU = Debug|Any CPU
		Release|Any CPU = Release|Any CPU
	EndGlobalSection
	GlobalSection(ProjectConfigurationPlatforms) = postSolution
		{7A6F392A-BD3B-446B-8D7D-1C4A7C69DCE7}.Debug|Any CPU.ActiveCfg = Debug|Any CPU
		{7A6F392A-BD3B-446B-8D7D-1C4A7C69DCE7}.Debug|Any CPU.Build.0 = Debug|Any CPU
		{7A6F392A-BD3B-446B-8D7D-1C4A7C69DCE7}.Release|Any CPU.ActiveCfg = Release|Any CPU
		{7A6F392A-BD3B-446B-8D7D-1C4A7C69DCE7}.Release|Any CPU.Build.0 = Release|Any CPU
	EndGlobalSection
	GlobalSection(SolutionProperties) = preSolution
		HideSolutionNode = FALSE
	EndGlobalSection
	GlobalSection(ExtensibilityGlobals) = postSolution
		SolutionGuid = {7228A3D2-B6E0-4DBA-B268-A3C62E334FDA}
	EndGlobalSection
EndGlobal
